
Microsoft Visual Studio Solution File, Format Version 12.00
# Visual Studio Version 16
VisualStudioVersion = 16.0.31105.61
MinimumVisualStudioVersion = 10.0.40219.1
Project("{FAE04EC0-301F-11D3-BF4B-00C04F79EFBC}") = "senai.inlock.WebApi", "senai.inlock.WebApi\senai.inlock.WebApi.csproj", "{933C93FD-F2BB-42BE-B523-FAD2A3F41AB4}"
EndProject
Global
	GlobalSection(SolutionConfigurationPlatforms) = preSolution
		Debug|Any CPU = Debug|Any CPU
		Release|Any CPU = Release|Any CPU
	EndGlobalSection
	GlobalSection(ProjectConfigurationPlatforms) = postSolution
		{933C93FD-F2BB-42BE-B523-FAD2A3F41AB4}.Debug|Any CPU.ActiveCfg = Debug|Any CPU
		{933C93FD-F2BB-42BE-B523-FAD2A3F41AB4}.Debug|Any CPU.Build.0 = Debug|Any CPU
		{933C93FD-F2BB-42BE-B523-FAD2A3F41AB4}.Release|Any CPU.ActiveCfg = Release|Any CPU
		{933C93FD-F2BB-42BE-B523-FAD2A3F41AB4}.Release|Any CPU.Build.0 = Release|Any CPU
	EndGlobalSection
	GlobalSection(SolutionProperties) = preSolution
		HideSolutionNode = FALSE
	EndGlobalSection
	GlobalSection(ExtensibilityGlobals) = postSolution
		SolutionGuid = {21451A10-9217-412B-AE81-F0A4B0E38646}
	EndGlobalSection
EndGlobal
